
Microsoft Visual Studio Solution File, Format Version 12.00
# Visual Studio Version 17
VisualStudioVersion = 17.5.33414.496
MinimumVisualStudioVersion = 10.0.40219.1
Project("{FAE04EC0-301F-11D3-BF4B-00C04F79EFBC}") = "exercicios5", "exercicios5\exercicios5.csproj", "{59BDD0E6-709F-4239-B8D4-F2BF692AD3F3}"
EndProject
Global
	GlobalSection(SolutionConfigurationPlatforms) = preSolution
		Debug|Any CPU = Debug|Any CPU
		Release|Any CPU = Release|Any CPU
	EndGlobalSection
	GlobalSection(ProjectConfigurationPlatforms) = postSolution
		{59BDD0E6-709F-4239-B8D4-F2BF692AD3F3}.Debug|Any CPU.ActiveCfg = Debug|Any CPU
		{59BDD0E6-709F-4239-B8D4-F2BF692AD3F3}.Debug|Any CPU.Build.0 = Debug|Any CPU
		{59BDD0E6-709F-4239-B8D4-F2BF692AD3F3}.Release|Any CPU.ActiveCfg = Release|Any CPU
		{59BDD0E6-709F-4239-B8D4-F2BF692AD3F3}.Release|Any CPU.Build.0 = Release|Any CPU
	EndGlobalSection
	GlobalSection(SolutionProperties) = preSolution
		HideSolutionNode = FALSE
	EndGlobalSection
	GlobalSection(ExtensibilityGlobals) = postSolution
		SolutionGuid = {A9511C5E-9C2E-452A-A46E-A1DA8693024F}
	EndGlobalSection
EndGlobal
